
Microsoft Visual Studio Solution File, Format Version 12.00
# Visual Studio Version 17
VisualStudioVersion = 17.5.33424.131
MinimumVisualStudioVersion = 10.0.40219.1
Project("{FAE04EC0-301F-11D3-BF4B-00C04F79EFBC}") = "Mission12", "Mission12.csproj", "{D8AD736B-627E-4639-8C5A-8104C31C0C4B}"
EndProject
Global
	GlobalSection(SolutionConfigurationPlatforms) = preSolution
		Debug|Any CPU = Debug|Any CPU
		Release|Any CPU = Release|Any CPU
	EndGlobalSection
	GlobalSection(ProjectConfigurationPlatforms) = postSolution
		{D8AD736B-627E-4639-8C5A-8104C31C0C4B}.Debug|Any CPU.ActiveCfg = Debug|Any CPU
		{D8AD736B-627E-4639-8C5A-8104C31C0C4B}.Debug|Any CPU.Build.0 = Debug|Any CPU
		{D8AD736B-627E-4639-8C5A-8104C31C0C4B}.Release|Any CPU.ActiveCfg = Release|Any CPU
		{D8AD736B-627E-4639-8C5A-8104C31C0C4B}.Release|Any CPU.Build.0 = Release|Any CPU
	EndGlobalSection
	GlobalSection(SolutionProperties) = preSolution
		HideSolutionNode = FALSE
	EndGlobalSection
	GlobalSection(ExtensibilityGlobals) = postSolution
		SolutionGuid = {952C17FF-0223-410B-8072-100197AA429F}
	EndGlobalSection
EndGlobal
